
Microsoft Visual Studio Solution File, Format Version 12.00
# Visual Studio Version 16
VisualStudioVersion = 16.0.30413.136
MinimumVisualStudioVersion = 10.0.40219.1
Project("{FAE04EC0-301F-11D3-BF4B-00C04F79EFBC}") = "GitDemo", "GitDemo\GitDemo.csproj", "{070C22FB-A618-4DE9-85DE-CCB3F36F6A1A}"
EndProject
Global
	GlobalSection(SolutionConfigurationPlatforms) = preSolution
		Debug|Any CPU = Debug|Any CPU
		Release|Any CPU = Release|Any CPU
	EndGlobalSection
	GlobalSection(ProjectConfigurationPlatforms) = postSolution
		{070C22FB-A618-4DE9-85DE-CCB3F36F6A1A}.Debug|Any CPU.ActiveCfg = Debug|Any CPU
		{070C22FB-A618-4DE9-85DE-CCB3F36F6A1A}.Debug|Any CPU.Build.0 = Debug|Any CPU
		{070C22FB-A618-4DE9-85DE-CCB3F36F6A1A}.Release|Any CPU.ActiveCfg = Release|Any CPU
		{070C22FB-A618-4DE9-85DE-CCB3F36F6A1A}.Release|Any CPU.Build.0 = Release|Any CPU
	EndGlobalSection
	GlobalSection(SolutionProperties) = preSolution
		HideSolutionNode = FALSE
	EndGlobalSection
	GlobalSection(ExtensibilityGlobals) = postSolution
		SolutionGuid = {02D643EA-8105-4E34-81B8-D26ECEA6FCBC}
	EndGlobalSection
EndGlobal
